
Microsoft Visual Studio Solution File, Format Version 12.00
# Visual Studio Version 17
VisualStudioVersion = 17.1.32421.90
MinimumVisualStudioVersion = 10.0.40219.1
Project("{9A19103F-16F7-4668-BE54-9A1E7A4F7556}") = "FCardProtocolAPI", "FCardProtocolAPI.csproj", "{4921B6F6-3DE7-428A-BED3-3E6FF10F1BAB}"
EndProject
Project("{9A19103F-16F7-4668-BE54-9A1E7A4F7556}") = "FCardProtocolAPI.Command", "..\FCardProtocolAPI.Command\FCardProtocolAPI.Command.csproj", "{76A5CEEB-BB6F-4911-B08E-3C1BDE765AF2}"
EndProject
Project("{9A19103F-16F7-4668-BE54-9A1E7A4F7556}") = "FCardProtocolAPI.Common", "..\FCardProtocolAPI.Common\FCardProtocolAPI.Common.csproj", "{6220C538-95DB-44FF-B76A-353ECE4A45CA}"
EndProject
Global
	GlobalSection(SolutionConfigurationPlatforms) = preSolution
		Debug|Any CPU = Debug|Any CPU
		Release|Any CPU = Release|Any CPU
	EndGlobalSection
	GlobalSection(ProjectConfigurationPlatforms) = postSolution
		{4921B6F6-3DE7-428A-BED3-3E6FF10F1BAB}.Debug|Any CPU.ActiveCfg = Debug|Any CPU
		{4921B6F6-3DE7-428A-BED3-3E6FF10F1BAB}.Debug|Any CPU.Build.0 = Debug|Any CPU
		{4921B6F6-3DE7-428A-BED3-3E6FF10F1BAB}.Release|Any CPU.ActiveCfg = Release|Any CPU
		{4921B6F6-3DE7-428A-BED3-3E6FF10F1BAB}.Release|Any CPU.Build.0 = Release|Any CPU
		{76A5CEEB-BB6F-4911-B08E-3C1BDE765AF2}.Debug|Any CPU.ActiveCfg = Debug|Any CPU
		{76A5CEEB-BB6F-4911-B08E-3C1BDE765AF2}.Debug|Any CPU.Build.0 = Debug|Any CPU
		{76A5CEEB-BB6F-4911-B08E-3C1BDE765AF2}.Release|Any CPU.ActiveCfg = Release|Any CPU
		{76A5CEEB-BB6F-4911-B08E-3C1BDE765AF2}.Release|Any CPU.Build.0 = Release|Any CPU
		{6220C538-95DB-44FF-B76A-353ECE4A45CA}.Debug|Any CPU.ActiveCfg = Debug|Any CPU
		{6220C538-95DB-44FF-B76A-353ECE4A45CA}.Debug|Any CPU.Build.0 = Debug|Any CPU
		{6220C538-95DB-44FF-B76A-353ECE4A45CA}.Release|Any CPU.ActiveCfg = Release|Any CPU
		{6220C538-95DB-44FF-B76A-353ECE4A45CA}.Release|Any CPU.Build.0 = Release|Any CPU
	EndGlobalSection
	GlobalSection(SolutionProperties) = preSolution
		HideSolutionNode = FALSE
	EndGlobalSection
	GlobalSection(ExtensibilityGlobals) = postSolution
		SolutionGuid = {1AEE7DEC-8AE8-4790-82C1-5E03BB1B5349}
	EndGlobalSection
EndGlobal
